// !$*UTF8*$!
{
	archiveVersion = 1;
	classes = {
	};
	objectVersion = 55;
	objects = {

/* Begin PBXBuildFile section */
		5F6EFF5D27FDA1730080CF7C /* AppDelegate.swift in Sources */ = {isa = PBXBuildFile; fileRef = 5F6EFF5C27FDA1730080CF7C /* AppDelegate.swift */; };
		5F6EFF5F27FDA1730080CF7C /* SceneDelegate.swift in Sources */ = {isa = PBXBuildFile; fileRef = 5F6EFF5E27FDA1730080CF7C /* SceneDelegate.swift */; };
		5F6EFF6127FDA1730080CF7C /* ViewController.swift in Sources */ = {isa = PBXBuildFile; fileRef = 5F6EFF6027FDA1730080CF7C /* ViewController.swift */; };
		5F6EFF6427FDA1730080CF7C /* Main.storyboard in Resources */ = {isa = PBXBuildFile; fileRef = 5F6EFF6227FDA1730080CF7C /* Main.storyboard */; };
		5F6EFF6627FDA1730080CF7C /* Assets.xcassets in Resources */ = {isa = PBXBuildFile; fileRef = 5F6EFF6527FDA1730080CF7C /* Assets.xcassets */; };
		5F6EFF6927FDA1730080CF7C /* LaunchScreen.storyboard in Resources */ = {isa = PBXBuildFile; fileRef = 5F6EFF6727FDA1730080CF7C /* LaunchScreen.storyboard */; };
		5F7E000F2800CEB6005671A6 /* Constants.swift in Sources */ = {isa = PBXBuildFile; fileRef = 5F7E000E2800CEB6005671A6 /* Constants.swift */; };
		5F7E00112800D066005671A6 /* Video.swift in Sources */ = {isa = PBXBuildFile; fileRef = 5F7E00102800D066005671A6 /* Video.swift */; };
		5F7E00132800D0C2005671A6 /* Model.swift in Sources */ = {isa = PBXBuildFile; fileRef = 5F7E00122800D0C2005671A6 /* Model.swift */; };
		5F990AF928017CCD00B35B2D /* Response.swift in Sources */ = {isa = PBXBuildFile; fileRef = 5F990AF828017CCD00B35B2D /* Response.swift */; };
		5F990AFD2801842700B35B2D /* ConstantsTemplate.swift in Sources */ = {isa = PBXBuildFile; fileRef = 5F990AFC2801842700B35B2D /* ConstantsTemplate.swift */; };
/* End PBXBuildFile section */

/* Begin PBXFileReference section */
		5F6EFF5927FDA1730080CF7C /* mytube.app */ = {isa = PBXFileReference; explicitFileType = wrapper.application; includeInIndex = 0; path = mytube.app; sourceTree = BUILT_PRODUCTS_DIR; };
		5F6EFF5C27FDA1730080CF7C /* AppDelegate.swift */ = {isa = PBXFileReference; lastKnownFileType = sourcecode.swift; path = AppDelegate.swift; sourceTree = "<group>"; };
		5F6EFF5E27FDA1730080CF7C /* SceneDelegate.swift */ = {isa = PBXFileReference; lastKnownFileType = sourcecode.swift; path = SceneDelegate.swift; sourceTree = "<group>"; };
		5F6EFF6027FDA1730080CF7C /* ViewController.swift */ = {isa = PBXFileReference; lastKnownFileType = sourcecode.swift; path = ViewController.swift; sourceTree = "<group>"; };
		5F6EFF6327FDA1730080CF7C /* Base */ = {isa = PBXFileReference; lastKnownFileType = file.storyboard; name = Base; path = Base.lproj/Main.storyboard; sourceTree = "<group>"; };
		5F6EFF6527FDA1730080CF7C /* Assets.xcassets */ = {isa = PBXFileReference; lastKnownFileType = folder.assetcatalog; path = Assets.xcassets; sourceTree = "<group>"; };
		5F6EFF6827FDA1730080CF7C /* Base */ = {isa = PBXFileReference; lastKnownFileType = file.storyboard; name = Base; path = Base.lproj/LaunchScreen.storyboard; sourceTree = "<group>"; };
		5F6EFF6A27FDA1730080CF7C /* Info.plist */ = {isa = PBXFileReference; lastKnownFileType = text.plist.xml; path = Info.plist; sourceTree = "<group>"; };
		5F7E000E2800CEB6005671A6 /* Constants.swift */ = {isa = PBXFileReference; lastKnownFileType = sourcecode.swift; path = Constants.swift; sourceTree = "<group>"; };
		5F7E00102800D066005671A6 /* Video.swift */ = {isa = PBXFileReference; lastKnownFileType = sourcecode.swift; path = Video.swift; sourceTree = "<group>"; };
		5F7E00122800D0C2005671A6 /* Model.swift */ = {isa = PBXFileReference; lastKnownFileType = sourcecode.swift; path = Model.swift; sourceTree = "<group>"; };
		5F990AF828017CCD00B35B2D /* Response.swift */ = {isa = PBXFileReference; lastKnownFileType = sourcecode.swift; path = Response.swift; sourceTree = "<group>"; };
		5F990AFC2801842700B35B2D /* ConstantsTemplate.swift */ = {isa = PBXFileReference; lastKnownFileType = sourcecode.swift; path = ConstantsTemplate.swift; sourceTree = "<group>"; };
/* End PBXFileReference section */

/* Begin PBXFrameworksBuildPhase section */
		5F6EFF5627FDA1730080CF7C /* Frameworks */ = {
			isa = PBXFrameworksBuildPhase;
			buildActionMask = 2147483647;
			files = (
			);
			runOnlyForDeploymentPostprocessing = 0;
		};
/* End PBXFrameworksBuildPhase section */

/* Begin PBXGroup section */
		5F6EFF5027FDA1730080CF7C = {
			isa = PBXGroup;
			children = (
				5F6EFF5B27FDA1730080CF7C /* mytube */,
				5F6EFF5A27FDA1730080CF7C /* Products */,
			);
			sourceTree = "<group>";
		};
		5F6EFF5A27FDA1730080CF7C /* Products */ = {
			isa = PBXGroup;
			children = (
				5F6EFF5927FDA1730080CF7C /* mytube.app */,
			);
			name = Products;
			sourceTree = "<group>";
		};
		5F6EFF5B27FDA1730080CF7C /* mytube */ = {
			isa = PBXGroup;
			children = (
				5F6EFF5C27FDA1730080CF7C /* AppDelegate.swift */,
				5F6EFF5E27FDA1730080CF7C /* SceneDelegate.swift */,
				5F6EFF6027FDA1730080CF7C /* ViewController.swift */,
				5F6EFF6227FDA1730080CF7C /* Main.storyboard */,
				5F6EFF6527FDA1730080CF7C /* Assets.xcassets */,
				5F6EFF6727FDA1730080CF7C /* LaunchScreen.storyboard */,
				5F6EFF6A27FDA1730080CF7C /* Info.plist */,
				5F7E000E2800CEB6005671A6 /* Constants.swift */,
				5F7E00102800D066005671A6 /* Video.swift */,
				5F7E00122800D0C2005671A6 /* Model.swift */,
				5F990AF828017CCD00B35B2D /* Response.swift */,
				5F990AFC2801842700B35B2D /* ConstantsTemplate.swift */,
			);
			path = mytube;
			sourceTree = "<group>";
		};
/* End PBXGroup section */

/* Begin PBXNativeTarget section */
		5F6EFF5827FDA1730080CF7C /* mytube */ = {
			isa = PBXNativeTarget;
			buildConfigurationList = 5F6EFF6D27FDA1730080CF7C /* Build configuration list for PBXNativeTarget "mytube" */;
			buildPhases = (
				5F6EFF5527FDA1730080CF7C /* Sources */,
				5F6EFF5627FDA1730080CF7C /* Frameworks */,
				5F6EFF5727FDA1730080CF7C /* Resources */,
			);
			buildRules = (
			);
			dependencies = (
			);
			name = mytube;
			productName = mytube;
			productReference = 5F6EFF5927FDA1730080CF7C /* mytube.app */;
			productType = "com.apple.product-type.application";
		};
/* End PBXNativeTarget section */

/* Begin PBXProject section */
		5F6EFF5127FDA1730080CF7C /* Project object */ = {
			isa = PBXProject;
			attributes = {
				BuildIndependentTargetsInParallel = 1;
				LastSwiftUpdateCheck = 1330;
				LastUpgradeCheck = 1330;
				TargetAttributes = {
					5F6EFF5827FDA1730080CF7C = {
						CreatedOnToolsVersion = 13.3;
					};
				};
			};
			buildConfigurationList = 5F6EFF5427FDA1730080CF7C /* Build configuration list for PBXProject "mytube" */;
			compatibilityVersion = "Xcode 13.0";
			developmentRegion = en;
			hasScannedForEncodings = 0;
			knownRegions = (
				en,
				Base,
			);
			mainGroup = 5F6EFF5027FDA1730080CF7C;
			productRefGroup = 5F6EFF5A27FDA1730080CF7C /* Products */;
			projectDirPath = "";
			projectRoot = "";
			targets = (
				5F6EFF5827FDA1730080CF7C /* mytube */,
			);
		};
/* End PBXProject section */

/* Begin PBXResourcesBuildPhase section */
		5F6EFF5727FDA1730080CF7C /* Resources */ = {
			isa = PBXResourcesBuildPhase;
			buildActionMask = 2147483647;
			files = (
				5F6EFF6927FDA1730080CF7C /* LaunchScreen.storyboard in Resources */,
				5F6EFF6627FDA1730080CF7C /* Assets.xcassets in Resources */,
				5F6EFF6427FDA1730080CF7C /* Main.storyboard in Resources */,
			);
			runOnlyForDeploymentPostprocessing = 0;
		};
/* End PBXResourcesBuildPhase section */

/* Begin PBXSourcesBuildPhase section */
		5F6EFF5527FDA1730080CF7C /* Sources */ = {
			isa = PBXSourcesBuildPhase;
			buildActionMask = 2147483647;
			files = (
				5F6EFF6127FDA1730080CF7C /* ViewController.swift in Sources */,
				5F6EFF5D27FDA1730080CF7C /* AppDelegate.swift in Sources */,
				5F6EFF5F27FDA1730080CF7C /* SceneDelegate.swift in Sources */,
				5F990AFD2801842700B35B2D /* ConstantsTemplate.swift in Sources */,
				5F7E00132800D0C2005671A6 /* Model.swift in Sources */,
				5F7E000F2800CEB6005671A6 /* Constants.swift in Sources */,
				5F7E00112800D066005671A6 /* Video.swift in Sources */,
				5F990AF928017CCD00B35B2D /* Response.swift in Sources */,
			);
			runOnlyForDeploymentPostprocessing = 0;
		};
/* End PBXSourcesBuildPhase section */

/* Begin PBXVariantGroup section */
		5F6EFF6227FDA1730080CF7C /* Main.storyboard */ = {
			isa = PBXVariantGroup;
			children = (
				5F6EFF6327FDA1730080CF7C /* Base */,
			);
			name = Main.storyboard;
			sourceTree = "<group>";
		};
		5F6EFF6727FDA1730080CF7C /* LaunchScreen.storyboard */ = {
			isa = PBXVariantGroup;
			children = (
				5F6EFF6827FDA1730080CF7C /* Base */,
			);
			name = LaunchScreen.storyboard;
			sourceTree = "<group>";
		};
/* End PBXVariantGroup section */

/* Begin XCBuildConfiguration section */
		5F6EFF6B27FDA1730080CF7C /* Debug */ = {
			isa = XCBuildConfiguration;
			buildSettings = {
				ALWAYS_SEARCH_USER_PATHS = NO;
				CLANG_ANALYZER_NONNULL = YES;
				CLANG_ANALYZER_NUMBER_OBJECT_CONVERSION = YES_AGGRESSIVE;
				CLANG_CXX_LANGUAGE_STANDARD = "gnu++17";
				CLANG_ENABLE_MODULES = YES;
				CLANG_ENABLE_OBJC_ARC = YES;
				CLANG_ENABLE_OBJC_WEAK = YES;
				CLANG_WARN_BLOCK_CAPTURE_AUTORELEASING = YES;
				CLANG_WARN_BOOL_CONVERSION = YES;
				CLANG_WARN_COMMA = YES;
				CLANG_WARN_CONSTANT_CONVERSION = YES;
				CLANG_WARN_DEPRECATED_OBJC_IMPLEMENTATIONS = YES;
				CLANG_WARN_DIRECT_OBJC_ISA_USAGE = YES_ERROR;
				CLANG_WARN_DOCUMENTATION_COMMENTS = YES;
				CLANG_WARN_EMPTY_BODY = YES;
				CLANG_WARN_ENUM_CONVERSION = YES;
				CLANG_WARN_INFINITE_RECURSION = YES;
				CLANG_WARN_INT_CONVERSION = YES;
				CLANG_WARN_NON_LITERAL_NULL_CONVERSION = YES;
				CLANG_WARN_OBJC_IMPLICIT_RETAIN_SELF = YES;
				CLANG_WARN_OBJC_LITERAL_CONVERSION = YES;
				CLANG_WARN_OBJC_ROOT_CLASS = YES_ERROR;
				CLANG_WARN_QUOTED_INCLUDE_IN_FRAMEWORK_HEADER = YES;
				CLANG_WARN_RANGE_LOOP_ANALYSIS = YES;
				CLANG_WARN_STRICT_PROTOTYPES = YES;
				CLANG_WARN_SUSPICIOUS_MOVE = YES;
				CLANG_WARN_UNGUARDED_AVAILABILITY = YES_AGGRESSIVE;
				CLANG_WARN_UNREACHABLE_CODE = YES;
				CLANG_WARN__DUPLICATE_METHOD_MATCH = YES;
				COPY_PHASE_STRIP = NO;
				DEBUG_INFORMATION_FORMAT = dwarf;
				ENABLE_STRICT_OBJC_MSGSEND = YES;
				ENABLE_TESTABILITY = YES;
				GCC_C_LANGUAGE_STANDARD = gnu11;
				GCC_DYNAMIC_NO_PIC = NO;
				GCC_NO_COMMON_BLOCKS = YES;
				GCC_OPTIMIZATION_LEVEL = 0;
				GCC_PREPROCESSOR_DEFINITIONS = (
					"DEBUG=1",
					"$(inherited)",
				);
				GCC_WARN_64_TO_32_BIT_CONVERSION = YES;
				GCC_WARN_ABOUT_RETURN_TYPE = YES_ERROR;
				GCC_WARN_UNDECLARED_SELECTOR = YES;
				GCC_WARN_UNINITIALIZED_AUTOS = YES_AGGRESSIVE;
				GCC_WARN_UNUSED_FUNCTION = YES;
				GCC_WARN_UNUSED_VARIABLE = YES;
				IPHONEOS_DEPLOYMENT_TARGET = 15.4;
				MTL_ENABLE_DEBUG_INFO = INCLUDE_SOURCE;
				MTL_FAST_MATH = YES;
				ONLY_ACTIVE_ARCH = YES;
				SDKROOT = iphoneos;
				SWIFT_ACTIVE_COMPILATION_CONDITIONS = DEBUG;
				SWIFT_OPTIMIZATION_LEVEL = "-Onone";
			};
			name = Debug;
		};
		5F6EFF6C27FDA1730080CF7C /* Release */ = {
			isa = XCBuildConfiguration;
			buildSettings = {
				ALWAYS_SEARCH_USER_PATHS = NO;
				CLANG_ANALYZER_NONNULL = YES;
				CLANG_ANALYZER_NUMBER_OBJECT_CONVERSION = YES_AGGRESSIVE;
				CLANG_CXX_LANGUAGE_STANDARD = "gnu++17";
				CLANG_ENABLE_MODULES = YES;
				CLANG_ENABLE_OBJC_ARC = YES;
				CLANG_ENABLE_OBJC_WEAK = YES;
				CLANG_WARN_BLOCK_CAPTURE_AUTORELEASING = YES;
				CLANG_WARN_BOOL_CONVERSION = YES;
				CLANG_WARN_COMMA = YES;
				CLANG_WARN_CONSTANT_CONVERSION = YES;
				CLANG_WARN_DEPRECATED_OBJC_IMPLEMENTATIONS = YES;
				CLANG_WARN_DIRECT_OBJC_ISA_USAGE = YES_ERROR;
				CLANG_WARN_DOCUMENTATION_COMMENTS = YES;
				CLANG_WARN_EMPTY_BODY = YES;
				CLANG_WARN_ENUM_CONVERSION = YES;
				CLANG_WARN_INFINITE_RECURSION = YES;
				CLANG_WARN_INT_CONVERSION = YES;
				CLANG_WARN_NON_LITERAL_NULL_CONVERSION = YES;
				CLANG_WARN_OBJC_IMPLICIT_RETAIN_SELF = YES;
				CLANG_WARN_OBJC_LITERAL_CONVERSION = YES;
				CLANG_WARN_OBJC_ROOT_CLASS = YES_ERROR;
				CLANG_WARN_QUOTED_INCLUDE_IN_FRAMEWORK_HEADER = YES;
				CLANG_WARN_RANGE_LOOP_ANALYSIS = YES;
				CLANG_WARN_STRICT_PROTOTYPES = YES;
				CLANG_WARN_SUSPICIOUS_MOVE = YES;
				CLANG_WARN_UNGUARDED_AVAILABILITY = YES_AGGRESSIVE;
				CLANG_WARN_UNREACHABLE_CODE = YES;
				CLANG_WARN__DUPLICATE_METHOD_MATCH = YES;
				COPY_PHASE_STRIP = NO;
				DEBUG_INFORMATION_FORMAT = "dwarf-with-dsym";
				ENABLE_NS_ASSERTIONS = NO;
				ENABLE_STRICT_OBJC_MSGSEND = YES;
				GCC_C_LANGUAGE_STANDARD = gnu11;
				GCC_NO_COMMON_BLOCKS = YES;
				GCC_WARN_64_TO_32_BIT_CONVERSION = YES;
				GCC_WARN_ABOUT_RETURN_TYPE = YES_ERROR;
				GCC_WARN_UNDECLARED_SELECTOR = YES;
				GCC_WARN_UNINITIALIZED_AUTOS = YES_AGGRESSIVE;
				GCC_WARN_UNUSED_FUNCTION = YES;
				GCC_WARN_UNUSED_VARIABLE = YES;
				IPHONEOS_DEPLOYMENT_TARGET = 15.4;
				MTL_ENABLE_DEBUG_INFO = NO;
				MTL_FAST_MATH = YES;
				SDKROOT = iphoneos;
				SWIFT_COMPILATION_MODE = wholemodule;
				SWIFT_OPTIMIZATION_LEVEL = "-O";
				VALIDATE_PRODUCT = YES;
			};
			name = Release;
		};
		5F6EFF6E27FDA1730080CF7C /* Debug */ = {
			isa = XCBuildConfiguration;
			buildSettings = {
				ASSETCATALOG_COMPILER_APPICON_NAME = AppIcon;
				ASSETCATALOG_COMPILER_GLOBAL_ACCENT_COLOR_NAME = AccentColor;
				CODE_SIGN_STYLE = Automatic;
				CURRENT_PROJECT_VERSION = 1;
				DEVELOPMENT_TEAM = B62JD3PV8L;
				GENERATE_INFOPLIST_FILE = YES;
				INFOPLIST_FILE = mytube/Info.plist;
				INFOPLIST_KEY_UIApplicationSupportsIndirectInputEvents = YES;
				INFOPLIST_KEY_UILaunchStoryboardName = LaunchScreen;
				INFOPLIST_KEY_UIMainStoryboardFile = Main;
				INFOPLIST_KEY_UISupportedInterfaceOrientations_iPad = "UIInterfaceOrientationPortrait UIInterfaceOrientationPortraitUpsideDown UIInterfaceOrientationLandscapeLeft UIInterfaceOrientationLandscapeRight";
				INFOPLIST_KEY_UISupportedInterfaceOrientations_iPhone = "UIInterfaceOrientationPortrait UIInterfaceOrientationLandscapeLeft UIInterfaceOrientationLandscapeRight";
				LD_RUNPATH_SEARCH_PATHS = (
					"$(inherited)",
					"@executable_path/Frameworks",
				);
				MARKETING_VERSION = 1.0;
				PRODUCT_BUNDLE_IDENTIFIER = bogdik.corn.mytube;
				PRODUCT_NAME = "$(TARGET_NAME)";
				SWIFT_EMIT_LOC_STRINGS = YES;
				SWIFT_VERSION = 5.0;
				TARGETED_DEVICE_FAMILY = "1,2";
			};
			name = Debug;
		};
		5F6EFF6F27FDA1730080CF7C /* Release */ = {
			isa = XCBuildConfiguration;
			buildSettings = {
				ASSETCATALOG_COMPILER_APPICON_NAME = AppIcon;
				ASSETCATALOG_COMPILER_GLOBAL_ACCENT_COLOR_NAME = AccentColor;
				CODE_SIGN_STYLE = Automatic;
				CURRENT_PROJECT_VERSION = 1;
				DEVELOPMENT_TEAM = B62JD3PV8L;
				GENERATE_INFOPLIST_FILE = YES;
				INFOPLIST_FILE = mytube/Info.plist;
				INFOPLIST_KEY_UIApplicationSupportsIndirectInputEvents = YES;
				INFOPLIST_KEY_UILaunchStoryboardName = LaunchScreen;
				INFOPLIST_KEY_UIMainStoryboardFile = Main;
				INFOPLIST_KEY_UISupportedInterfaceOrientations_iPad = "UIInterfaceOrientationPortrait UIInterfaceOrientationPortraitUpsideDown UIInterfaceOrientationLandscapeLeft UIInterfaceOrientationLandscapeRight";
				INFOPLIST_KEY_UISupportedInterfaceOrientations_iPhone = "UIInterfaceOrientationPortrait UIInterfaceOrientationLandscapeLeft UIInterfaceOrientationLandscapeRight";
				LD_RUNPATH_SEARCH_PATHS = (
					"$(inherited)",
					"@executable_path/Frameworks",
				);
				MARKETING_VERSION = 1.0;
				PRODUCT_BUNDLE_IDENTIFIER = bogdik.corn.mytube;
				PRODUCT_NAME = "$(TARGET_NAME)";
				SWIFT_EMIT_LOC_STRINGS = YES;
				SWIFT_VERSION = 5.0;
				TARGETED_DEVICE_FAMILY = "1,2";
			};
			name = Release;
		};
/* End XCBuildConfiguration section */

/* Begin XCConfigurationList section */
		5F6EFF5427FDA1730080CF7C /* Build configuration list for PBXProject "mytube" */ = {
			isa = XCConfigurationList;
			buildConfigurations = (
				5F6EFF6B27FDA1730080CF7C /* Debug */,
				5F6EFF6C27FDA1730080CF7C /* Release */,
			);
			defaultConfigurationIsVisible = 0;
			defaultConfigurationName = Release;
		};
		5F6EFF6D27FDA1730080CF7C /* Build configuration list for PBXNativeTarget "mytube" */ = {
			isa = XCConfigurationList;
			buildConfigurations = (
				5F6EFF6E27FDA1730080CF7C /* Debug */,
				5F6EFF6F27FDA1730080CF7C /* Release */,
			);
			defaultConfigurationIsVisible = 0;
			defaultConfigurationName = Release;
		};
/* End XCConfigurationList section */
	};
	rootObject = 5F6EFF5127FDA1730080CF7C /* Project object */;
}
